
Microsoft Visual Studio Solution File, Format Version 12.00
# Visual Studio Version 17
VisualStudioVersion = 17.14.36414.22
MinimumVisualStudioVersion = 10.0.40219.1
Project("{FAE04EC0-301F-11D3-BF4B-00C04F79EFBC}") = "PTMngVSIX", "PTMngVSIX\PTMngVSIX.csproj", "{A9E595EB-A829-43C9-9B91-A708756CC626}"
EndProject
Project("{FAE04EC0-301F-11D3-BF4B-00C04F79EFBC}") = "PTMngVSIX.Data", "PTMngVSIX.Data\PTMngVSIX.Data.csproj", "{4AB1B35E-8629-4DE3-9A51-34DFE9EAB5B4}"
EndProject
Project("{FAE04EC0-301F-11D3-BF4B-00C04F79EFBC}") = "PTMngVSIX.Setting", "PTMngVSIX.Setting\PTMngVSIX.Setting.csproj", "{2241AB24-ADE1-4248-BBF7-BEE25E1938F3}"
EndProject
Project("{FAE04EC0-301F-11D3-BF4B-00C04F79EFBC}") = "PTMngVSIX.Prompt", "PTMngVSIX.Prompt\PTMngVSIX.Prompt.csproj", "{3E57F872-23E8-45BD-AAFC-F62ADBBF40D3}"
EndProject
Project("{FAE04EC0-301F-11D3-BF4B-00C04F79EFBC}") = "PTMngVSIX.Abstraction", "PTMngVSIX.Abstraction\PTMngVSIX.Abstraction.csproj", "{C558605F-4528-4248-BB75-68C22CC1626D}"
EndProject
Project("{FAE04EC0-301F-11D3-BF4B-00C04F79EFBC}") = "PTMngVSIX.AIServices", "PTMngVSIX.AIServices\PTMngVSIX.AIServices.csproj", "{A6591F74-B3F5-4E8A-B005-6B5977612ED2}"
EndProject
Global
	GlobalSection(SolutionConfigurationPlatforms) = preSolution
		Debug|Any CPU = Debug|Any CPU
		Debug|arm64 = Debug|arm64
		Debug|x86 = Debug|x86
		Release|Any CPU = Release|Any CPU
		Release|arm64 = Release|arm64
		Release|x86 = Release|x86
	EndGlobalSection
	GlobalSection(ProjectConfigurationPlatforms) = postSolution
		{A9E595EB-A829-43C9-9B91-A708756CC626}.Debug|Any CPU.ActiveCfg = Debug|Any CPU
		{A9E595EB-A829-43C9-9B91-A708756CC626}.Debug|Any CPU.Build.0 = Debug|Any CPU
		{A9E595EB-A829-43C9-9B91-A708756CC626}.Debug|arm64.ActiveCfg = Debug|arm64
		{A9E595EB-A829-43C9-9B91-A708756CC626}.Debug|arm64.Build.0 = Debug|arm64
		{A9E595EB-A829-43C9-9B91-A708756CC626}.Debug|x86.ActiveCfg = Debug|x86
		{A9E595EB-A829-43C9-9B91-A708756CC626}.Debug|x86.Build.0 = Debug|x86
		{A9E595EB-A829-43C9-9B91-A708756CC626}.Release|Any CPU.ActiveCfg = Release|Any CPU
		{A9E595EB-A829-43C9-9B91-A708756CC626}.Release|Any CPU.Build.0 = Release|Any CPU
		{A9E595EB-A829-43C9-9B91-A708756CC626}.Release|arm64.ActiveCfg = Release|arm64
		{A9E595EB-A829-43C9-9B91-A708756CC626}.Release|arm64.Build.0 = Release|arm64
		{A9E595EB-A829-43C9-9B91-A708756CC626}.Release|x86.ActiveCfg = Release|x86
		{A9E595EB-A829-43C9-9B91-A708756CC626}.Release|x86.Build.0 = Release|x86
		{4AB1B35E-8629-4DE3-9A51-34DFE9EAB5B4}.Debug|Any CPU.ActiveCfg = Debug|Any CPU
		{4AB1B35E-8629-4DE3-9A51-34DFE9EAB5B4}.Debug|Any CPU.Build.0 = Debug|Any CPU
		{4AB1B35E-8629-4DE3-9A51-34DFE9EAB5B4}.Debug|arm64.ActiveCfg = Debug|Any CPU
		{4AB1B35E-8629-4DE3-9A51-34DFE9EAB5B4}.Debug|arm64.Build.0 = Debug|Any CPU
		{4AB1B35E-8629-4DE3-9A51-34DFE9EAB5B4}.Debug|x86.ActiveCfg = Debug|Any CPU
		{4AB1B35E-8629-4DE3-9A51-34DFE9EAB5B4}.Debug|x86.Build.0 = Debug|Any CPU
		{4AB1B35E-8629-4DE3-9A51-34DFE9EAB5B4}.Release|Any CPU.ActiveCfg = Release|Any CPU
		{4AB1B35E-8629-4DE3-9A51-34DFE9EAB5B4}.Release|Any CPU.Build.0 = Release|Any CPU
		{4AB1B35E-8629-4DE3-9A51-34DFE9EAB5B4}.Release|arm64.ActiveCfg = Release|Any CPU
		{4AB1B35E-8629-4DE3-9A51-34DFE9EAB5B4}.Release|arm64.Build.0 = Release|Any CPU
		{4AB1B35E-8629-4DE3-9A51-34DFE9EAB5B4}.Release|x86.ActiveCfg = Release|Any CPU
		{4AB1B35E-8629-4DE3-9A51-34DFE9EAB5B4}.Release|x86.Build.0 = Release|Any CPU
		{2241AB24-ADE1-4248-BBF7-BEE25E1938F3}.Debug|Any CPU.ActiveCfg = Debug|Any CPU
		{2241AB24-ADE1-4248-BBF7-BEE25E1938F3}.Debug|Any CPU.Build.0 = Debug|Any CPU
		{2241AB24-ADE1-4248-BBF7-BEE25E1938F3}.Debug|arm64.ActiveCfg = Debug|Any CPU
		{2241AB24-ADE1-4248-BBF7-BEE25E1938F3}.Debug|arm64.Build.0 = Debug|Any CPU
		{2241AB24-ADE1-4248-BBF7-BEE25E1938F3}.Debug|x86.ActiveCfg = Debug|Any CPU
		{2241AB24-ADE1-4248-BBF7-BEE25E1938F3}.Debug|x86.Build.0 = Debug|Any CPU
		{2241AB24-ADE1-4248-BBF7-BEE25E1938F3}.Release|Any CPU.ActiveCfg = Release|Any CPU
		{2241AB24-ADE1-4248-BBF7-BEE25E1938F3}.Release|Any CPU.Build.0 = Release|Any CPU
		{2241AB24-ADE1-4248-BBF7-BEE25E1938F3}.Release|arm64.ActiveCfg = Release|Any CPU
		{2241AB24-ADE1-4248-BBF7-BEE25E1938F3}.Release|arm64.Build.0 = Release|Any CPU
		{2241AB24-ADE1-4248-BBF7-BEE25E1938F3}.Release|x86.ActiveCfg = Release|Any CPU
		{2241AB24-ADE1-4248-BBF7-BEE25E1938F3}.Release|x86.Build.0 = Release|Any CPU
		{3E57F872-23E8-45BD-AAFC-F62ADBBF40D3}.Debug|Any CPU.ActiveCfg = Debug|Any CPU
		{3E57F872-23E8-45BD-AAFC-F62ADBBF40D3}.Debug|Any CPU.Build.0 = Debug|Any CPU
		{3E57F872-23E8-45BD-AAFC-F62ADBBF40D3}.Debug|arm64.ActiveCfg = Debug|Any CPU
		{3E57F872-23E8-45BD-AAFC-F62ADBBF40D3}.Debug|arm64.Build.0 = Debug|Any CPU
		{3E57F872-23E8-45BD-AAFC-F62ADBBF40D3}.Debug|x86.ActiveCfg = Debug|Any CPU
		{3E57F872-23E8-45BD-AAFC-F62ADBBF40D3}.Debug|x86.Build.0 = Debug|Any CPU
		{3E57F872-23E8-45BD-AAFC-F62ADBBF40D3}.Release|Any CPU.ActiveCfg = Release|Any CPU
		{3E57F872-23E8-45BD-AAFC-F62ADBBF40D3}.Release|Any CPU.Build.0 = Release|Any CPU
		{3E57F872-23E8-45BD-AAFC-F62ADBBF40D3}.Release|arm64.ActiveCfg = Release|Any CPU
		{3E57F872-23E8-45BD-AAFC-F62ADBBF40D3}.Release|arm64.Build.0 = Release|Any CPU
		{3E57F872-23E8-45BD-AAFC-F62ADBBF40D3}.Release|x86.ActiveCfg = Release|Any CPU
		{3E57F872-23E8-45BD-AAFC-F62ADBBF40D3}.Release|x86.Build.0 = Release|Any CPU
		{C558605F-4528-4248-BB75-68C22CC1626D}.Debug|Any CPU.ActiveCfg = Debug|Any CPU
		{C558605F-4528-4248-BB75-68C22CC1626D}.Debug|Any CPU.Build.0 = Debug|Any CPU
		{C558605F-4528-4248-BB75-68C22CC1626D}.Debug|arm64.ActiveCfg = Debug|Any CPU
		{C558605F-4528-4248-BB75-68C22CC1626D}.Debug|arm64.Build.0 = Debug|Any CPU
		{C558605F-4528-4248-BB75-68C22CC1626D}.Debug|x86.ActiveCfg = Debug|Any CPU
		{C558605F-4528-4248-BB75-68C22CC1626D}.Debug|x86.Build.0 = Debug|Any CPU
		{C558605F-4528-4248-BB75-68C22CC1626D}.Release|Any CPU.ActiveCfg = Release|Any CPU
		{C558605F-4528-4248-BB75-68C22CC1626D}.Release|Any CPU.Build.0 = Release|Any CPU
		{C558605F-4528-4248-BB75-68C22CC1626D}.Release|arm64.ActiveCfg = Release|Any CPU
		{C558605F-4528-4248-BB75-68C22CC1626D}.Release|arm64.Build.0 = Release|Any CPU
		{C558605F-4528-4248-BB75-68C22CC1626D}.Release|x86.ActiveCfg = Release|Any CPU
		{C558605F-4528-4248-BB75-68C22CC1626D}.Release|x86.Build.0 = Release|Any CPU
		{A6591F74-B3F5-4E8A-B005-6B5977612ED2}.Debug|Any CPU.ActiveCfg = Debug|Any CPU
		{A6591F74-B3F5-4E8A-B005-6B5977612ED2}.Debug|Any CPU.Build.0 = Debug|Any CPU
		{A6591F74-B3F5-4E8A-B005-6B5977612ED2}.Debug|arm64.ActiveCfg = Debug|Any CPU
		{A6591F74-B3F5-4E8A-B005-6B5977612ED2}.Debug|arm64.Build.0 = Debug|Any CPU
		{A6591F74-B3F5-4E8A-B005-6B5977612ED2}.Debug|x86.ActiveCfg = Debug|Any CPU
		{A6591F74-B3F5-4E8A-B005-6B5977612ED2}.Debug|x86.Build.0 = Debug|Any CPU
		{A6591F74-B3F5-4E8A-B005-6B5977612ED2}.Release|Any CPU.ActiveCfg = Release|Any CPU
		{A6591F74-B3F5-4E8A-B005-6B5977612ED2}.Release|Any CPU.Build.0 = Release|Any CPU
		{A6591F74-B3F5-4E8A-B005-6B5977612ED2}.Release|arm64.ActiveCfg = Release|Any CPU
		{A6591F74-B3F5-4E8A-B005-6B5977612ED2}.Release|arm64.Build.0 = Release|Any CPU
		{A6591F74-B3F5-4E8A-B005-6B5977612ED2}.Release|x86.ActiveCfg = Release|Any CPU
		{A6591F74-B3F5-4E8A-B005-6B5977612ED2}.Release|x86.Build.0 = Release|Any CPU
	EndGlobalSection
	GlobalSection(SolutionProperties) = preSolution
		HideSolutionNode = FALSE
	EndGlobalSection
	GlobalSection(ExtensibilityGlobals) = postSolution
		SolutionGuid = {0CA856EC-1821-42A8-813C-FDD061D41AA7}
	EndGlobalSection
EndGlobal
